
Microsoft Visual Studio Solution File, Format Version 12.00
# Visual Studio Version 16
VisualStudioVersion = 16.0.29613.14
MinimumVisualStudioVersion = 10.0.40219.1
Project("{FAE04EC0-301F-11D3-BF4B-00C04F79EFBC}") = "CurrencyConverter", "CurrencyConverter\CurrencyConverter.csproj", "{62386673-DCDD-4D6E-9CDD-74AD1D583CEF}"
EndProject
Global
	GlobalSection(SolutionConfigurationPlatforms) = preSolution
		Debug|Any CPU = Debug|Any CPU
		Release|Any CPU = Release|Any CPU
	EndGlobalSection
	GlobalSection(ProjectConfigurationPlatforms) = postSolution
		{62386673-DCDD-4D6E-9CDD-74AD1D583CEF}.Debug|Any CPU.ActiveCfg = Debug|Any CPU
		{62386673-DCDD-4D6E-9CDD-74AD1D583CEF}.Debug|Any CPU.Build.0 = Debug|Any CPU
		{62386673-DCDD-4D6E-9CDD-74AD1D583CEF}.Release|Any CPU.ActiveCfg = Release|Any CPU
		{62386673-DCDD-4D6E-9CDD-74AD1D583CEF}.Release|Any CPU.Build.0 = Release|Any CPU
	EndGlobalSection
	GlobalSection(SolutionProperties) = preSolution
		HideSolutionNode = FALSE
	EndGlobalSection
	GlobalSection(ExtensibilityGlobals) = postSolution
		SolutionGuid = {74B2DBCF-DF66-42B3-A858-EC4881C7659E}
	EndGlobalSection
EndGlobal
